
Microsoft Visual Studio Solution File, Format Version 12.00
# Visual Studio Version 17
VisualStudioVersion = 17.5.33627.172
MinimumVisualStudioVersion = 10.0.40219.1
Project("{8BC9CEB8-8B4A-11D0-8D11-00A0C91BC942}") = "俄罗斯方块", "俄罗斯方块.vcxproj", "{CDA64C04-C417-42B6-B209-7385CF27AD1D}"
EndProject
Project("{54435603-DBB4-11D2-8724-00A0C9A8B90C}") = "俄罗斯方块Setup", "..\俄罗斯方块Setup\俄罗斯方块Setup.vdproj", "{DAE83C1B-8BD4-40C2-BA8C-CA851655CF8A}"
EndProject
Global
	GlobalSection(SolutionConfigurationPlatforms) = preSolution
		Debug|x64 = Debug|x64
		Debug|x86 = Debug|x86
		Release|x64 = Release|x64
		Release|x86 = Release|x86
	EndGlobalSection
	GlobalSection(ProjectConfigurationPlatforms) = postSolution
		{CDA64C04-C417-42B6-B209-7385CF27AD1D}.Debug|x64.ActiveCfg = Debug|x64
		{CDA64C04-C417-42B6-B209-7385CF27AD1D}.Debug|x64.Build.0 = Debug|x64
		{CDA64C04-C417-42B6-B209-7385CF27AD1D}.Debug|x86.ActiveCfg = Debug|Win32
		{CDA64C04-C417-42B6-B209-7385CF27AD1D}.Debug|x86.Build.0 = Debug|Win32
		{CDA64C04-C417-42B6-B209-7385CF27AD1D}.Release|x64.ActiveCfg = Release|x64
		{CDA64C04-C417-42B6-B209-7385CF27AD1D}.Release|x64.Build.0 = Release|x64
		{CDA64C04-C417-42B6-B209-7385CF27AD1D}.Release|x86.ActiveCfg = Release|Win32
		{CDA64C04-C417-42B6-B209-7385CF27AD1D}.Release|x86.Build.0 = Release|Win32
		{DAE83C1B-8BD4-40C2-BA8C-CA851655CF8A}.Debug|x64.ActiveCfg = Debug
		{DAE83C1B-8BD4-40C2-BA8C-CA851655CF8A}.Debug|x86.ActiveCfg = Debug
		{DAE83C1B-8BD4-40C2-BA8C-CA851655CF8A}.Release|x64.ActiveCfg = Release
		{DAE83C1B-8BD4-40C2-BA8C-CA851655CF8A}.Release|x86.ActiveCfg = Release
	EndGlobalSection
	GlobalSection(SolutionProperties) = preSolution
		HideSolutionNode = FALSE
	EndGlobalSection
	GlobalSection(ExtensibilityGlobals) = postSolution
		SolutionGuid = {DAA0FD51-AF98-4602-BC8A-B2FC057DBA68}
	EndGlobalSection
EndGlobal
